
Microsoft Visual Studio Solution File, Format Version 12.00
# Visual Studio Version 16
VisualStudioVersion = 16.0.30621.155
MinimumVisualStudioVersion = 10.0.40219.1
Project("{FAE04EC0-301F-11D3-BF4B-00C04F79EFBC}") = "Practica baseDPeliculas 03-03-2021", "Practica baseDPeliculas 03-03-2021.csproj", "{E4155731-2D34-4B67-A180-7025142FCCAD}"
EndProject
Project("{FAE04EC0-301F-11D3-BF4B-00C04F79EFBC}") = "Practica baseDPeliculas Test", "Practica baseDPeliculas Test\Practica baseDPeliculas Test.csproj", "{720928F0-D2B4-4C07-AFE5-8D94439E0C5D}"
EndProject
Global
	GlobalSection(SolutionConfigurationPlatforms) = preSolution
		Debug|Any CPU = Debug|Any CPU
		Release|Any CPU = Release|Any CPU
	EndGlobalSection
	GlobalSection(ProjectConfigurationPlatforms) = postSolution
		{E4155731-2D34-4B67-A180-7025142FCCAD}.Debug|Any CPU.ActiveCfg = Debug|Any CPU
		{E4155731-2D34-4B67-A180-7025142FCCAD}.Debug|Any CPU.Build.0 = Debug|Any CPU
		{E4155731-2D34-4B67-A180-7025142FCCAD}.Release|Any CPU.ActiveCfg = Release|Any CPU
		{E4155731-2D34-4B67-A180-7025142FCCAD}.Release|Any CPU.Build.0 = Release|Any CPU
		{720928F0-D2B4-4C07-AFE5-8D94439E0C5D}.Debug|Any CPU.ActiveCfg = Debug|Any CPU
		{720928F0-D2B4-4C07-AFE5-8D94439E0C5D}.Debug|Any CPU.Build.0 = Debug|Any CPU
		{720928F0-D2B4-4C07-AFE5-8D94439E0C5D}.Release|Any CPU.ActiveCfg = Release|Any CPU
		{720928F0-D2B4-4C07-AFE5-8D94439E0C5D}.Release|Any CPU.Build.0 = Release|Any CPU
	EndGlobalSection
	GlobalSection(SolutionProperties) = preSolution
		HideSolutionNode = FALSE
	EndGlobalSection
	GlobalSection(ExtensibilityGlobals) = postSolution
		SolutionGuid = {7851D887-23D6-4239-B52C-307D86A18194}
	EndGlobalSection
EndGlobal
